
Microsoft Visual Studio Solution File, Format Version 12.00
# Visual Studio Version 17
VisualStudioVersion = 17.9.34607.119
MinimumVisualStudioVersion = 10.0.40219.1
Project("{8BC9CEB8-8B4A-11D0-8D11-00A0C91BC942}") = "TopHomeWorkCpp", "TopHomeWorkCpp\TopHomeWorkCpp.vcxproj", "{D2763B72-94E4-4FAE-8CD8-FDAEF26B5CAE}"
EndProject
Global
	GlobalSection(SolutionConfigurationPlatforms) = preSolution
		Debug|x64 = Debug|x64
		Debug|x86 = Debug|x86
		Release|x64 = Release|x64
		Release|x86 = Release|x86
	EndGlobalSection
	GlobalSection(ProjectConfigurationPlatforms) = postSolution
		{D2763B72-94E4-4FAE-8CD8-FDAEF26B5CAE}.Debug|x64.ActiveCfg = Debug|x64
		{D2763B72-94E4-4FAE-8CD8-FDAEF26B5CAE}.Debug|x64.Build.0 = Debug|x64
		{D2763B72-94E4-4FAE-8CD8-FDAEF26B5CAE}.Debug|x86.ActiveCfg = Debug|Win32
		{D2763B72-94E4-4FAE-8CD8-FDAEF26B5CAE}.Debug|x86.Build.0 = Debug|Win32
		{D2763B72-94E4-4FAE-8CD8-FDAEF26B5CAE}.Release|x64.ActiveCfg = Release|x64
		{D2763B72-94E4-4FAE-8CD8-FDAEF26B5CAE}.Release|x64.Build.0 = Release|x64
		{D2763B72-94E4-4FAE-8CD8-FDAEF26B5CAE}.Release|x86.ActiveCfg = Release|Win32
		{D2763B72-94E4-4FAE-8CD8-FDAEF26B5CAE}.Release|x86.Build.0 = Release|Win32
	EndGlobalSection
	GlobalSection(SolutionProperties) = preSolution
		HideSolutionNode = FALSE
	EndGlobalSection
	GlobalSection(ExtensibilityGlobals) = postSolution
		SolutionGuid = {B016ED97-B52E-462B-9EB1-4FF5A4689CDB}
	EndGlobalSection
EndGlobal
